// !$*UTF8*$!
{
	archiveVersion = 1;
	classes = {
	};
	objectVersion = 50;
	objects = {

/* Begin PBXBuildFile section */
		FD2F400A2756AED4005BE814 /* TedTalk.swift in Sources */ = {isa = PBXBuildFile; fileRef = FD2F40092756AED4005BE814 /* TedTalk.swift */; };
		FD2F400D2756B0E8005BE814 /* TedTalkManager.swift in Sources */ = {isa = PBXBuildFile; fileRef = FD2F400C2756B0E8005BE814 /* TedTalkManager.swift */; };
		FD2F40102756B3FA005BE814 /* TedTalkPresenter.swift in Sources */ = {isa = PBXBuildFile; fileRef = FD2F400F2756B3FA005BE814 /* TedTalkPresenter.swift */; };
		FD5D9B5C2756A7DE00568205 /* AppDelegate.swift in Sources */ = {isa = PBXBuildFile; fileRef = FD5D9B5B2756A7DE00568205 /* AppDelegate.swift */; };
		FD5D9B5E2756A7DE00568205 /* SceneDelegate.swift in Sources */ = {isa = PBXBuildFile; fileRef = FD5D9B5D2756A7DE00568205 /* SceneDelegate.swift */; };
		FD5D9B602756A7DE00568205 /* HomeViewController.swift in Sources */ = {isa = PBXBuildFile; fileRef = FD5D9B5F2756A7DE00568205 /* HomeViewController.swift */; };
		FD5D9B632756A7DE00568205 /* Main.storyboard in Resources */ = {isa = PBXBuildFile; fileRef = FD5D9B612756A7DE00568205 /* Main.storyboard */; };
		FD5D9B652756A7E000568205 /* Assets.xcassets in Resources */ = {isa = PBXBuildFile; fileRef = FD5D9B642756A7E000568205 /* Assets.xcassets */; };
		FD5D9B682756A7E000568205 /* LaunchScreen.storyboard in Resources */ = {isa = PBXBuildFile; fileRef = FD5D9B662756A7E000568205 /* LaunchScreen.storyboard */; };
		FD5D9B702756A84F00568205 /* TedTalkPresenterProtocol.swift in Sources */ = {isa = PBXBuildFile; fileRef = FD5D9B6F2756A84F00568205 /* TedTalkPresenterProtocol.swift */; };
		FDCCA84A2756B8A500A03832 /* tedTalk.json in Resources */ = {isa = PBXBuildFile; fileRef = FDCCA8492756B8A500A03832 /* tedTalk.json */; };
		FDDCCFB62756C95500F6DDD4 /* TedTalkViewProtocol.swift in Sources */ = {isa = PBXBuildFile; fileRef = FDDCCFB52756C95500F6DDD4 /* TedTalkViewProtocol.swift */; };
/* End PBXBuildFile section */

/* Begin PBXFileReference section */
		FD2F40092756AED4005BE814 /* TedTalk.swift */ = {isa = PBXFileReference; lastKnownFileType = sourcecode.swift; path = TedTalk.swift; sourceTree = "<group>"; };
		FD2F400C2756B0E8005BE814 /* TedTalkManager.swift */ = {isa = PBXFileReference; lastKnownFileType = sourcecode.swift; path = TedTalkManager.swift; sourceTree = "<group>"; };
		FD2F400F2756B3FA005BE814 /* TedTalkPresenter.swift */ = {isa = PBXFileReference; lastKnownFileType = sourcecode.swift; path = TedTalkPresenter.swift; sourceTree = "<group>"; };
		FD5D9B582756A7DE00568205 /* TedTalkMVP.app */ = {isa = PBXFileReference; explicitFileType = wrapper.application; includeInIndex = 0; path = TedTalkMVP.app; sourceTree = BUILT_PRODUCTS_DIR; };
		FD5D9B5B2756A7DE00568205 /* AppDelegate.swift */ = {isa = PBXFileReference; lastKnownFileType = sourcecode.swift; path = AppDelegate.swift; sourceTree = "<group>"; };
		FD5D9B5D2756A7DE00568205 /* SceneDelegate.swift */ = {isa = PBXFileReference; lastKnownFileType = sourcecode.swift; path = SceneDelegate.swift; sourceTree = "<group>"; };
		FD5D9B5F2756A7DE00568205 /* HomeViewController.swift */ = {isa = PBXFileReference; lastKnownFileType = sourcecode.swift; path = HomeViewController.swift; sourceTree = "<group>"; };
		FD5D9B622756A7DE00568205 /* Base */ = {isa = PBXFileReference; lastKnownFileType = file.storyboard; name = Base; path = Base.lproj/Main.storyboard; sourceTree = "<group>"; };
		FD5D9B642756A7E000568205 /* Assets.xcassets */ = {isa = PBXFileReference; lastKnownFileType = folder.assetcatalog; path = Assets.xcassets; sourceTree = "<group>"; };
		FD5D9B672756A7E000568205 /* Base */ = {isa = PBXFileReference; lastKnownFileType = file.storyboard; name = Base; path = Base.lproj/LaunchScreen.storyboard; sourceTree = "<group>"; };
		FD5D9B692756A7E000568205 /* Info.plist */ = {isa = PBXFileReference; lastKnownFileType = text.plist.xml; path = Info.plist; sourceTree = "<group>"; };
		FD5D9B6F2756A84F00568205 /* TedTalkPresenterProtocol.swift */ = {isa = PBXFileReference; lastKnownFileType = sourcecode.swift; path = TedTalkPresenterProtocol.swift; sourceTree = "<group>"; };
		FDCCA8492756B8A500A03832 /* tedTalk.json */ = {isa = PBXFileReference; lastKnownFileType = text.json; path = tedTalk.json; sourceTree = "<group>"; };
		FDDCCFB52756C95500F6DDD4 /* TedTalkViewProtocol.swift */ = {isa = PBXFileReference; lastKnownFileType = sourcecode.swift; path = TedTalkViewProtocol.swift; sourceTree = "<group>"; };
/* End PBXFileReference section */

/* Begin PBXFrameworksBuildPhase section */
		FD5D9B552756A7DE00568205 /* Frameworks */ = {
			isa = PBXFrameworksBuildPhase;
			buildActionMask = 2147483647;
			files = (
			);
			runOnlyForDeploymentPostprocessing = 0;
		};
/* End PBXFrameworksBuildPhase section */

/* Begin PBXGroup section */
		FD2F400B2756B0C4005BE814 /* model */ = {
			isa = PBXGroup;
			children = (
				FD2F40092756AED4005BE814 /* TedTalk.swift */,
				FD2F400C2756B0E8005BE814 /* TedTalkManager.swift */,
			);
			path = model;
			sourceTree = "<group>";
		};
		FD2F400E2756B3E3005BE814 /* presenter */ = {
			isa = PBXGroup;
			children = (
				FD5D9B6F2756A84F00568205 /* TedTalkPresenterProtocol.swift */,
				FD2F400F2756B3FA005BE814 /* TedTalkPresenter.swift */,
			);
			path = presenter;
			sourceTree = "<group>";
		};
		FD5D9B4F2756A7DE00568205 = {
			isa = PBXGroup;
			children = (
				FD5D9B5A2756A7DE00568205 /* TedTalkMVP */,
				FD5D9B592756A7DE00568205 /* Products */,
			);
			sourceTree = "<group>";
		};
		FD5D9B592756A7DE00568205 /* Products */ = {
			isa = PBXGroup;
			children = (
				FD5D9B582756A7DE00568205 /* TedTalkMVP.app */,
			);
			name = Products;
			sourceTree = "<group>";
		};
		FD5D9B5A2756A7DE00568205 /* TedTalkMVP */ = {
			isa = PBXGroup;
			children = (
				FDDCCFB42756C8E700F6DDD4 /* View */,
				FD2F400E2756B3E3005BE814 /* presenter */,
				FD2F400B2756B0C4005BE814 /* model */,
				FD5D9B5B2756A7DE00568205 /* AppDelegate.swift */,
				FD5D9B5D2756A7DE00568205 /* SceneDelegate.swift */,
				FD5D9B612756A7DE00568205 /* Main.storyboard */,
				FD5D9B642756A7E000568205 /* Assets.xcassets */,
				FD5D9B662756A7E000568205 /* LaunchScreen.storyboard */,
				FD5D9B692756A7E000568205 /* Info.plist */,
				FDCCA8492756B8A500A03832 /* tedTalk.json */,
			);
			path = TedTalkMVP;
			sourceTree = "<group>";
		};
		FDDCCFB42756C8E700F6DDD4 /* View */ = {
			isa = PBXGroup;
			children = (
				FD5D9B5F2756A7DE00568205 /* HomeViewController.swift */,
				FDDCCFB52756C95500F6DDD4 /* TedTalkViewProtocol.swift */,
			);
			path = View;
			sourceTree = "<group>";
		};
/* End PBXGroup section */

/* Begin PBXNativeTarget section */
		FD5D9B572756A7DE00568205 /* TedTalkMVP */ = {
			isa = PBXNativeTarget;
			buildConfigurationList = FD5D9B6C2756A7E000568205 /* Build configuration list for PBXNativeTarget "TedTalkMVP" */;
			buildPhases = (
				FD5D9B542756A7DE00568205 /* Sources */,
				FD5D9B552756A7DE00568205 /* Frameworks */,
				FD5D9B562756A7DE00568205 /* Resources */,
			);
			buildRules = (
			);
			dependencies = (
			);
			name = TedTalkMVP;
			productName = TedTalkMVP;
			productReference = FD5D9B582756A7DE00568205 /* TedTalkMVP.app */;
			productType = "com.apple.product-type.application";
		};
/* End PBXNativeTarget section */

/* Begin PBXProject section */
		FD5D9B502756A7DE00568205 /* Project object */ = {
			isa = PBXProject;
			attributes = {
				LastSwiftUpdateCheck = 1250;
				LastUpgradeCheck = 1250;
				TargetAttributes = {
					FD5D9B572756A7DE00568205 = {
						CreatedOnToolsVersion = 12.5.1;
					};
				};
			};
			buildConfigurationList = FD5D9B532756A7DE00568205 /* Build configuration list for PBXProject "TedTalkMVP" */;
			compatibilityVersion = "Xcode 9.3";
			developmentRegion = en;
			hasScannedForEncodings = 0;
			knownRegions = (
				en,
				Base,
			);
			mainGroup = FD5D9B4F2756A7DE00568205;
			productRefGroup = FD5D9B592756A7DE00568205 /* Products */;
			projectDirPath = "";
			projectRoot = "";
			targets = (
				FD5D9B572756A7DE00568205 /* TedTalkMVP */,
			);
		};
/* End PBXProject section */

/* Begin PBXResourcesBuildPhase section */
		FD5D9B562756A7DE00568205 /* Resources */ = {
			isa = PBXResourcesBuildPhase;
			buildActionMask = 2147483647;
			files = (
				FD5D9B682756A7E000568205 /* LaunchScreen.storyboard in Resources */,
				FDCCA84A2756B8A500A03832 /* tedTalk.json in Resources */,
				FD5D9B652756A7E000568205 /* Assets.xcassets in Resources */,
				FD5D9B632756A7DE00568205 /* Main.storyboard in Resources */,
			);
			runOnlyForDeploymentPostprocessing = 0;
		};
/* End PBXResourcesBuildPhase section */

/* Begin PBXSourcesBuildPhase section */
		FD5D9B542756A7DE00568205 /* Sources */ = {
			isa = PBXSourcesBuildPhase;
			buildActionMask = 2147483647;
			files = (
				FD5D9B702756A84F00568205 /* TedTalkPresenterProtocol.swift in Sources */,
				FD5D9B602756A7DE00568205 /* HomeViewController.swift in Sources */,
				FDDCCFB62756C95500F6DDD4 /* TedTalkViewProtocol.swift in Sources */,
				FD2F400A2756AED4005BE814 /* TedTalk.swift in Sources */,
				FD2F40102756B3FA005BE814 /* TedTalkPresenter.swift in Sources */,
				FD5D9B5C2756A7DE00568205 /* AppDelegate.swift in Sources */,
				FD5D9B5E2756A7DE00568205 /* SceneDelegate.swift in Sources */,
				FD2F400D2756B0E8005BE814 /* TedTalkManager.swift in Sources */,
			);
			runOnlyForDeploymentPostprocessing = 0;
		};
/* End PBXSourcesBuildPhase section */

/* Begin PBXVariantGroup section */
		FD5D9B612756A7DE00568205 /* Main.storyboard */ = {
			isa = PBXVariantGroup;
			children = (
				FD5D9B622756A7DE00568205 /* Base */,
			);
			name = Main.storyboard;
			sourceTree = "<group>";
		};
		FD5D9B662756A7E000568205 /* LaunchScreen.storyboard */ = {
			isa = PBXVariantGroup;
			children = (
				FD5D9B672756A7E000568205 /* Base */,
			);
			name = LaunchScreen.storyboard;
			sourceTree = "<group>";
		};
/* End PBXVariantGroup section */

/* Begin XCBuildConfiguration section */
		FD5D9B6A2756A7E000568205 /* Debug */ = {
			isa = XCBuildConfiguration;
			buildSettings = {
				ALWAYS_SEARCH_USER_PATHS = NO;
				CLANG_ANALYZER_NONNULL = YES;
				CLANG_ANALYZER_NUMBER_OBJECT_CONVERSION = YES_AGGRESSIVE;
				CLANG_CXX_LANGUAGE_STANDARD = "gnu++14";
				CLANG_CXX_LIBRARY = "libc++";
				CLANG_ENABLE_MODULES = YES;
				CLANG_ENABLE_OBJC_ARC = YES;
				CLANG_ENABLE_OBJC_WEAK = YES;
				CLANG_WARN_BLOCK_CAPTURE_AUTORELEASING = YES;
				CLANG_WARN_BOOL_CONVERSION = YES;
				CLANG_WARN_COMMA = YES;
				CLANG_WARN_CONSTANT_CONVERSION = YES;
				CLANG_WARN_DEPRECATED_OBJC_IMPLEMENTATIONS = YES;
				CLANG_WARN_DIRECT_OBJC_ISA_USAGE = YES_ERROR;
				CLANG_WARN_DOCUMENTATION_COMMENTS = YES;
				CLANG_WARN_EMPTY_BODY = YES;
				CLANG_WARN_ENUM_CONVERSION = YES;
				CLANG_WARN_INFINITE_RECURSION = YES;
				CLANG_WARN_INT_CONVERSION = YES;
				CLANG_WARN_NON_LITERAL_NULL_CONVERSION = YES;
				CLANG_WARN_OBJC_IMPLICIT_RETAIN_SELF = YES;
				CLANG_WARN_OBJC_LITERAL_CONVERSION = YES;
				CLANG_WARN_OBJC_ROOT_CLASS = YES_ERROR;
				CLANG_WARN_QUOTED_INCLUDE_IN_FRAMEWORK_HEADER = YES;
				CLANG_WARN_RANGE_LOOP_ANALYSIS = YES;
				CLANG_WARN_STRICT_PROTOTYPES = YES;
				CLANG_WARN_SUSPICIOUS_MOVE = YES;
				CLANG_WARN_UNGUARDED_AVAILABILITY = YES_AGGRESSIVE;
				CLANG_WARN_UNREACHABLE_CODE = YES;
				CLANG_WARN__DUPLICATE_METHOD_MATCH = YES;
				COPY_PHASE_STRIP = NO;
				DEBUG_INFORMATION_FORMAT = dwarf;
				ENABLE_STRICT_OBJC_MSGSEND = YES;
				ENABLE_TESTABILITY = YES;
				GCC_C_LANGUAGE_STANDARD = gnu11;
				GCC_DYNAMIC_NO_PIC = NO;
				GCC_NO_COMMON_BLOCKS = YES;
				GCC_OPTIMIZATION_LEVEL = 0;
				GCC_PREPROCESSOR_DEFINITIONS = (
					"DEBUG=1",
					"$(inherited)",
				);
				GCC_WARN_64_TO_32_BIT_CONVERSION = YES;
				GCC_WARN_ABOUT_RETURN_TYPE = YES_ERROR;
				GCC_WARN_UNDECLARED_SELECTOR = YES;
				GCC_WARN_UNINITIALIZED_AUTOS = YES_AGGRESSIVE;
				GCC_WARN_UNUSED_FUNCTION = YES;
				GCC_WARN_UNUSED_VARIABLE = YES;
				IPHONEOS_DEPLOYMENT_TARGET = 14.5;
				MTL_ENABLE_DEBUG_INFO = INCLUDE_SOURCE;
				MTL_FAST_MATH = YES;
				ONLY_ACTIVE_ARCH = YES;
				SDKROOT = iphoneos;
				SWIFT_ACTIVE_COMPILATION_CONDITIONS = DEBUG;
				SWIFT_OPTIMIZATION_LEVEL = "-Onone";
			};
			name = Debug;
		};
		FD5D9B6B2756A7E000568205 /* Release */ = {
			isa = XCBuildConfiguration;
			buildSettings = {
				ALWAYS_SEARCH_USER_PATHS = NO;
				CLANG_ANALYZER_NONNULL = YES;
				CLANG_ANALYZER_NUMBER_OBJECT_CONVERSION = YES_AGGRESSIVE;
				CLANG_CXX_LANGUAGE_STANDARD = "gnu++14";
				CLANG_CXX_LIBRARY = "libc++";
				CLANG_ENABLE_MODULES = YES;
				CLANG_ENABLE_OBJC_ARC = YES;
				CLANG_ENABLE_OBJC_WEAK = YES;
				CLANG_WARN_BLOCK_CAPTURE_AUTORELEASING = YES;
				CLANG_WARN_BOOL_CONVERSION = YES;
				CLANG_WARN_COMMA = YES;
				CLANG_WARN_CONSTANT_CONVERSION = YES;
				CLANG_WARN_DEPRECATED_OBJC_IMPLEMENTATIONS = YES;
				CLANG_WARN_DIRECT_OBJC_ISA_USAGE = YES_ERROR;
				CLANG_WARN_DOCUMENTATION_COMMENTS = YES;
				CLANG_WARN_EMPTY_BODY = YES;
				CLANG_WARN_ENUM_CONVERSION = YES;
				CLANG_WARN_INFINITE_RECURSION = YES;
				CLANG_WARN_INT_CONVERSION = YES;
				CLANG_WARN_NON_LITERAL_NULL_CONVERSION = YES;
				CLANG_WARN_OBJC_IMPLICIT_RETAIN_SELF = YES;
				CLANG_WARN_OBJC_LITERAL_CONVERSION = YES;
				CLANG_WARN_OBJC_ROOT_CLASS = YES_ERROR;
				CLANG_WARN_QUOTED_INCLUDE_IN_FRAMEWORK_HEADER = YES;
				CLANG_WARN_RANGE_LOOP_ANALYSIS = YES;
				CLANG_WARN_STRICT_PROTOTYPES = YES;
				CLANG_WARN_SUSPICIOUS_MOVE = YES;
				CLANG_WARN_UNGUARDED_AVAILABILITY = YES_AGGRESSIVE;
				CLANG_WARN_UNREACHABLE_CODE = YES;
				CLANG_WARN__DUPLICATE_METHOD_MATCH = YES;
				COPY_PHASE_STRIP = NO;
				DEBUG_INFORMATION_FORMAT = "dwarf-with-dsym";
				ENABLE_NS_ASSERTIONS = NO;
				ENABLE_STRICT_OBJC_MSGSEND = YES;
				GCC_C_LANGUAGE_STANDARD = gnu11;
				GCC_NO_COMMON_BLOCKS = YES;
				GCC_WARN_64_TO_32_BIT_CONVERSION = YES;
				GCC_WARN_ABOUT_RETURN_TYPE = YES_ERROR;
				GCC_WARN_UNDECLARED_SELECTOR = YES;
				GCC_WARN_UNINITIALIZED_AUTOS = YES_AGGRESSIVE;
				GCC_WARN_UNUSED_FUNCTION = YES;
				GCC_WARN_UNUSED_VARIABLE = YES;
				IPHONEOS_DEPLOYMENT_TARGET = 14.5;
				MTL_ENABLE_DEBUG_INFO = NO;
				MTL_FAST_MATH = YES;
				SDKROOT = iphoneos;
				SWIFT_COMPILATION_MODE = wholemodule;
				SWIFT_OPTIMIZATION_LEVEL = "-O";
				VALIDATE_PRODUCT = YES;
			};
			name = Release;
		};
		FD5D9B6D2756A7E000568205 /* Debug */ = {
			isa = XCBuildConfiguration;
			buildSettings = {
				ASSETCATALOG_COMPILER_APPICON_NAME = AppIcon;
				ASSETCATALOG_COMPILER_GLOBAL_ACCENT_COLOR_NAME = AccentColor;
				CODE_SIGN_STYLE = Automatic;
				DEVELOPMENT_TEAM = 3WV4R9KHGF;
				INFOPLIST_FILE = TedTalkMVP/Info.plist;
				LD_RUNPATH_SEARCH_PATHS = (
					"$(inherited)",
					"@executable_path/Frameworks",
				);
				PRODUCT_BUNDLE_IDENTIFIER = globant.TedTalkMVP;
				PRODUCT_NAME = "$(TARGET_NAME)";
				SWIFT_VERSION = 5.0;
				TARGETED_DEVICE_FAMILY = "1,2";
			};
			name = Debug;
		};
		FD5D9B6E2756A7E000568205 /* Release */ = {
			isa = XCBuildConfiguration;
			buildSettings = {
				ASSETCATALOG_COMPILER_APPICON_NAME = AppIcon;
				ASSETCATALOG_COMPILER_GLOBAL_ACCENT_COLOR_NAME = AccentColor;
				CODE_SIGN_STYLE = Automatic;
				DEVELOPMENT_TEAM = 3WV4R9KHGF;
				INFOPLIST_FILE = TedTalkMVP/Info.plist;
				LD_RUNPATH_SEARCH_PATHS = (
					"$(inherited)",
					"@executable_path/Frameworks",
				);
				PRODUCT_BUNDLE_IDENTIFIER = globant.TedTalkMVP;
				PRODUCT_NAME = "$(TARGET_NAME)";
				SWIFT_VERSION = 5.0;
				TARGETED_DEVICE_FAMILY = "1,2";
			};
			name = Release;
		};
/* End XCBuildConfiguration section */

/* Begin XCConfigurationList section */
		FD5D9B532756A7DE00568205 /* Build configuration list for PBXProject "TedTalkMVP" */ = {
			isa = XCConfigurationList;
			buildConfigurations = (
				FD5D9B6A2756A7E000568205 /* Debug */,
				FD5D9B6B2756A7E000568205 /* Release */,
			);
			defaultConfigurationIsVisible = 0;
			defaultConfigurationName = Release;
		};
		FD5D9B6C2756A7E000568205 /* Build configuration list for PBXNativeTarget "TedTalkMVP" */ = {
			isa = XCConfigurationList;
			buildConfigurations = (
				FD5D9B6D2756A7E000568205 /* Debug */,
				FD5D9B6E2756A7E000568205 /* Release */,
			);
			defaultConfigurationIsVisible = 0;
			defaultConfigurationName = Release;
		};
/* End XCConfigurationList section */
	};
	rootObject = FD5D9B502756A7DE00568205 /* Project object */;
}
